// !$*UTF8*$!
{
	archiveVersion = 1;
	classes = {
	};
	objectVersion = 56;
	objects = {

/* Begin PBXBuildFile section */
		619F25AC2BC19C700067F534 /* AppDelegate.swift in Sources */ = {isa = PBXBuildFile; fileRef = 619F25AB2BC19C700067F534 /* AppDelegate.swift */; };
		619F25AE2BC19C700067F534 /* SceneDelegate.swift in Sources */ = {isa = PBXBuildFile; fileRef = 619F25AD2BC19C700067F534 /* SceneDelegate.swift */; };
		619F25B52BC19C710067F534 /* Assets.xcassets in Resources */ = {isa = PBXBuildFile; fileRef = 619F25B42BC19C710067F534 /* Assets.xcassets */; };
		619F25B82BC19C710067F534 /* Base in Resources */ = {isa = PBXBuildFile; fileRef = 619F25B72BC19C710067F534 /* Base */; };
		619F25C12BC19D9F0067F534 /* SearchViewController.swift in Sources */ = {isa = PBXBuildFile; fileRef = 619F25C02BC19D9F0067F534 /* SearchViewController.swift */; };
		619F25C32BC19DAA0067F534 /* SearchView.swift in Sources */ = {isa = PBXBuildFile; fileRef = 619F25C22BC19DAA0067F534 /* SearchView.swift */; };
		619F25C52BC19DB10067F534 /* SearchViewModel.swift in Sources */ = {isa = PBXBuildFile; fileRef = 619F25C42BC19DB10067F534 /* SearchViewModel.swift */; };
		619F25C82BC19DEE0067F534 /* BaseView.swift in Sources */ = {isa = PBXBuildFile; fileRef = 619F25C72BC19DEE0067F534 /* BaseView.swift */; };
		619F25CA2BC19E230067F534 /* BaseViewController.swift in Sources */ = {isa = PBXBuildFile; fileRef = 619F25C92BC19E230067F534 /* BaseViewController.swift */; };
		619F25CE2BC2C3EE0067F534 /* TabBarController.swift in Sources */ = {isa = PBXBuildFile; fileRef = 619F25CD2BC2C3EE0067F534 /* TabBarController.swift */; };
		619F25D22BC2C5FA0067F534 /* TabItem.swift in Sources */ = {isa = PBXBuildFile; fileRef = 619F25D12BC2C5FA0067F534 /* TabItem.swift */; };
		619F25D42BC2C6780067F534 /* ImageStyle.swift in Sources */ = {isa = PBXBuildFile; fileRef = 619F25D32BC2C6780067F534 /* ImageStyle.swift */; };
		619F25DA2BC2CC6A0067F534 /* ArcadeViewController.swift in Sources */ = {isa = PBXBuildFile; fileRef = 619F25D92BC2CC6A0067F534 /* ArcadeViewController.swift */; };
		619F25DC2BC2CC850067F534 /* AppViewController.swift in Sources */ = {isa = PBXBuildFile; fileRef = 619F25DB2BC2CC850067F534 /* AppViewController.swift */; };
		619F25DE2BC2CC970067F534 /* GameViewController.swift in Sources */ = {isa = PBXBuildFile; fileRef = 619F25DD2BC2CC970067F534 /* GameViewController.swift */; };
		619F25E02BC2CCAD0067F534 /* TodayViewController.swift in Sources */ = {isa = PBXBuildFile; fileRef = 619F25DF2BC2CCAD0067F534 /* TodayViewController.swift */; };
		619F25E32BC2D61C0067F534 /* SnapKit in Frameworks */ = {isa = PBXBuildFile; productRef = 619F25E22BC2D61C0067F534 /* SnapKit */; };
		619F25E62BC2D6250067F534 /* Kingfisher in Frameworks */ = {isa = PBXBuildFile; productRef = 619F25E52BC2D6250067F534 /* Kingfisher */; };
		619F25E92BC2D63C0067F534 /* RxCocoa in Frameworks */ = {isa = PBXBuildFile; productRef = 619F25E82BC2D63C0067F534 /* RxCocoa */; };
		619F25EB2BC2D63C0067F534 /* RxSwift in Frameworks */ = {isa = PBXBuildFile; productRef = 619F25EA2BC2D63C0067F534 /* RxSwift */; };
		619F25EE2BC2D75F0067F534 /* AppTableViewCell.swift in Sources */ = {isa = PBXBuildFile; fileRef = 619F25ED2BC2D75F0067F534 /* AppTableViewCell.swift */; };
		619F25F02BC2D77E0067F534 /* ViewProtocol.swift in Sources */ = {isa = PBXBuildFile; fileRef = 619F25EF2BC2D77E0067F534 /* ViewProtocol.swift */; };
		619F25F32BC2F4F40067F534 /* AppSearchModel.swift in Sources */ = {isa = PBXBuildFile; fileRef = 619F25F22BC2F4F40067F534 /* AppSearchModel.swift */; };
		619F25F52BC2F6FA0067F534 /* AppStoreAPIManager.swift in Sources */ = {isa = PBXBuildFile; fileRef = 619F25F42BC2F6FA0067F534 /* AppStoreAPIManager.swift */; };
		619F25F72BC3025A0067F534 /* AppDetailViewController.swift in Sources */ = {isa = PBXBuildFile; fileRef = 619F25F62BC3025A0067F534 /* AppDetailViewController.swift */; };
		619F25FA2BC3026A0067F534 /* AppDetailView.swift in Sources */ = {isa = PBXBuildFile; fileRef = 619F25F92BC3026A0067F534 /* AppDetailView.swift */; };
/* End PBXBuildFile section */

/* Begin PBXFileReference section */
		619F25A82BC19C700067F534 /* AppStore-Search.app */ = {isa = PBXFileReference; explicitFileType = wrapper.application; includeInIndex = 0; path = "AppStore-Search.app"; sourceTree = BUILT_PRODUCTS_DIR; };
		619F25AB2BC19C700067F534 /* AppDelegate.swift */ = {isa = PBXFileReference; lastKnownFileType = sourcecode.swift; path = AppDelegate.swift; sourceTree = "<group>"; };
		619F25AD2BC19C700067F534 /* SceneDelegate.swift */ = {isa = PBXFileReference; lastKnownFileType = sourcecode.swift; path = SceneDelegate.swift; sourceTree = "<group>"; };
		619F25B42BC19C710067F534 /* Assets.xcassets */ = {isa = PBXFileReference; lastKnownFileType = folder.assetcatalog; path = Assets.xcassets; sourceTree = "<group>"; };
		619F25B72BC19C710067F534 /* Base */ = {isa = PBXFileReference; lastKnownFileType = file.storyboard; name = Base; path = Base.lproj/LaunchScreen.storyboard; sourceTree = "<group>"; };
		619F25B92BC19C710067F534 /* Info.plist */ = {isa = PBXFileReference; lastKnownFileType = text.plist.xml; path = Info.plist; sourceTree = "<group>"; };
		619F25C02BC19D9F0067F534 /* SearchViewController.swift */ = {isa = PBXFileReference; lastKnownFileType = sourcecode.swift; path = SearchViewController.swift; sourceTree = "<group>"; };
		619F25C22BC19DAA0067F534 /* SearchView.swift */ = {isa = PBXFileReference; lastKnownFileType = sourcecode.swift; path = SearchView.swift; sourceTree = "<group>"; };
		619F25C42BC19DB10067F534 /* SearchViewModel.swift */ = {isa = PBXFileReference; lastKnownFileType = sourcecode.swift; path = SearchViewModel.swift; sourceTree = "<group>"; };
		619F25C72BC19DEE0067F534 /* BaseView.swift */ = {isa = PBXFileReference; lastKnownFileType = sourcecode.swift; path = BaseView.swift; sourceTree = "<group>"; };
		619F25C92BC19E230067F534 /* BaseViewController.swift */ = {isa = PBXFileReference; lastKnownFileType = sourcecode.swift; path = BaseViewController.swift; sourceTree = "<group>"; };
		619F25CD2BC2C3EE0067F534 /* TabBarController.swift */ = {isa = PBXFileReference; lastKnownFileType = sourcecode.swift; path = TabBarController.swift; sourceTree = "<group>"; };
		619F25D12BC2C5FA0067F534 /* TabItem.swift */ = {isa = PBXFileReference; lastKnownFileType = sourcecode.swift; path = TabItem.swift; sourceTree = "<group>"; };
		619F25D32BC2C6780067F534 /* ImageStyle.swift */ = {isa = PBXFileReference; lastKnownFileType = sourcecode.swift; path = ImageStyle.swift; sourceTree = "<group>"; };
		619F25D92BC2CC6A0067F534 /* ArcadeViewController.swift */ = {isa = PBXFileReference; lastKnownFileType = sourcecode.swift; path = ArcadeViewController.swift; sourceTree = "<group>"; };
		619F25DB2BC2CC850067F534 /* AppViewController.swift */ = {isa = PBXFileReference; lastKnownFileType = sourcecode.swift; path = AppViewController.swift; sourceTree = "<group>"; };
		619F25DD2BC2CC970067F534 /* GameViewController.swift */ = {isa = PBXFileReference; lastKnownFileType = sourcecode.swift; path = GameViewController.swift; sourceTree = "<group>"; };
		619F25DF2BC2CCAD0067F534 /* TodayViewController.swift */ = {isa = PBXFileReference; lastKnownFileType = sourcecode.swift; path = TodayViewController.swift; sourceTree = "<group>"; };
		619F25ED2BC2D75F0067F534 /* AppTableViewCell.swift */ = {isa = PBXFileReference; lastKnownFileType = sourcecode.swift; path = AppTableViewCell.swift; sourceTree = "<group>"; };
		619F25EF2BC2D77E0067F534 /* ViewProtocol.swift */ = {isa = PBXFileReference; lastKnownFileType = sourcecode.swift; path = ViewProtocol.swift; sourceTree = "<group>"; };
		619F25F22BC2F4F40067F534 /* AppSearchModel.swift */ = {isa = PBXFileReference; lastKnownFileType = sourcecode.swift; path = AppSearchModel.swift; sourceTree = "<group>"; };
		619F25F42BC2F6FA0067F534 /* AppStoreAPIManager.swift */ = {isa = PBXFileReference; lastKnownFileType = sourcecode.swift; path = AppStoreAPIManager.swift; sourceTree = "<group>"; };
		619F25F62BC3025A0067F534 /* AppDetailViewController.swift */ = {isa = PBXFileReference; lastKnownFileType = sourcecode.swift; path = AppDetailViewController.swift; sourceTree = "<group>"; };
		619F25F92BC3026A0067F534 /* AppDetailView.swift */ = {isa = PBXFileReference; lastKnownFileType = sourcecode.swift; path = AppDetailView.swift; sourceTree = "<group>"; };
/* End PBXFileReference section */

/* Begin PBXFrameworksBuildPhase section */
		619F25A52BC19C700067F534 /* Frameworks */ = {
			isa = PBXFrameworksBuildPhase;
			buildActionMask = 2147483647;
			files = (
				619F25E92BC2D63C0067F534 /* RxCocoa in Frameworks */,
				619F25E62BC2D6250067F534 /* Kingfisher in Frameworks */,
				619F25EB2BC2D63C0067F534 /* RxSwift in Frameworks */,
				619F25E32BC2D61C0067F534 /* SnapKit in Frameworks */,
			);
			runOnlyForDeploymentPostprocessing = 0;
		};
/* End PBXFrameworksBuildPhase section */

/* Begin PBXGroup section */
		619F259F2BC19C700067F534 = {
			isa = PBXGroup;
			children = (
				619F25AA2BC19C700067F534 /* AppStore-Search */,
				619F25A92BC19C700067F534 /* Products */,
			);
			sourceTree = "<group>";
		};
		619F25A92BC19C700067F534 /* Products */ = {
			isa = PBXGroup;
			children = (
				619F25A82BC19C700067F534 /* AppStore-Search.app */,
			);
			name = Products;
			sourceTree = "<group>";
		};
		619F25AA2BC19C700067F534 /* AppStore-Search */ = {
			isa = PBXGroup;
			children = (
				619F25C62BC19DE60067F534 /* Base */,
				619F25D02BC2C58A0067F534 /* Protocol */,
				619F25CF2BC2C5750067F534 /* Enum */,
				619F25CB2BC2BFB80067F534 /* Network */,
				619F25F12BC2F4DD0067F534 /* Model */,
				619F25CC2BC2C3BE0067F534 /* Scene */,
				619F25EC2BC2D74E0067F534 /* Cell */,
				619F25AB2BC19C700067F534 /* AppDelegate.swift */,
				619F25AD2BC19C700067F534 /* SceneDelegate.swift */,
				619F25B42BC19C710067F534 /* Assets.xcassets */,
				619F25B62BC19C710067F534 /* LaunchScreen.storyboard */,
				619F25B92BC19C710067F534 /* Info.plist */,
			);
			path = "AppStore-Search";
			sourceTree = "<group>";
		};
		619F25BF2BC19D880067F534 /* Search */ = {
			isa = PBXGroup;
			children = (
				619F25F82BC3025D0067F534 /* AppDetail */,
				619F25C02BC19D9F0067F534 /* SearchViewController.swift */,
				619F25C22BC19DAA0067F534 /* SearchView.swift */,
				619F25C42BC19DB10067F534 /* SearchViewModel.swift */,
			);
			path = Search;
			sourceTree = "<group>";
		};
		619F25C62BC19DE60067F534 /* Base */ = {
			isa = PBXGroup;
			children = (
				619F25C72BC19DEE0067F534 /* BaseView.swift */,
				619F25C92BC19E230067F534 /* BaseViewController.swift */,
			);
			path = Base;
			sourceTree = "<group>";
		};
		619F25CB2BC2BFB80067F534 /* Network */ = {
			isa = PBXGroup;
			children = (
				619F25F42BC2F6FA0067F534 /* AppStoreAPIManager.swift */,
			);
			path = Network;
			sourceTree = "<group>";
		};
		619F25CC2BC2C3BE0067F534 /* Scene */ = {
			isa = PBXGroup;
			children = (
				619F25BF2BC19D880067F534 /* Search */,
				619F25D82BC2CC480067F534 /* Arcade */,
				619F25D72BC2CC430067F534 /* App */,
				619F25D62BC2CC3F0067F534 /* Game */,
				619F25D52BC2CC380067F534 /* Today */,
				619F25CD2BC2C3EE0067F534 /* TabBarController.swift */,
			);
			path = Scene;
			sourceTree = "<group>";
		};
		619F25CF2BC2C5750067F534 /* Enum */ = {
			isa = PBXGroup;
			children = (
				619F25D12BC2C5FA0067F534 /* TabItem.swift */,
				619F25D32BC2C6780067F534 /* ImageStyle.swift */,
			);
			path = Enum;
			sourceTree = "<group>";
		};
		619F25D02BC2C58A0067F534 /* Protocol */ = {
			isa = PBXGroup;
			children = (
				619F25EF2BC2D77E0067F534 /* ViewProtocol.swift */,
			);
			path = Protocol;
			sourceTree = "<group>";
		};
		619F25D52BC2CC380067F534 /* Today */ = {
			isa = PBXGroup;
			children = (
				619F25DF2BC2CCAD0067F534 /* TodayViewController.swift */,
			);
			path = Today;
			sourceTree = "<group>";
		};
		619F25D62BC2CC3F0067F534 /* Game */ = {
			isa = PBXGroup;
			children = (
				619F25DD2BC2CC970067F534 /* GameViewController.swift */,
			);
			path = Game;
			sourceTree = "<group>";
		};
		619F25D72BC2CC430067F534 /* App */ = {
			isa = PBXGroup;
			children = (
				619F25DB2BC2CC850067F534 /* AppViewController.swift */,
			);
			path = App;
			sourceTree = "<group>";
		};
		619F25D82BC2CC480067F534 /* Arcade */ = {
			isa = PBXGroup;
			children = (
				619F25D92BC2CC6A0067F534 /* ArcadeViewController.swift */,
			);
			path = Arcade;
			sourceTree = "<group>";
		};
		619F25EC2BC2D74E0067F534 /* Cell */ = {
			isa = PBXGroup;
			children = (
				619F25ED2BC2D75F0067F534 /* AppTableViewCell.swift */,
			);
			path = Cell;
			sourceTree = "<group>";
		};
		619F25F12BC2F4DD0067F534 /* Model */ = {
			isa = PBXGroup;
			children = (
				619F25F22BC2F4F40067F534 /* AppSearchModel.swift */,
			);
			path = Model;
			sourceTree = "<group>";
		};
		619F25F82BC3025D0067F534 /* AppDetail */ = {
			isa = PBXGroup;
			children = (
				619F25F62BC3025A0067F534 /* AppDetailViewController.swift */,
				619F25F92BC3026A0067F534 /* AppDetailView.swift */,
			);
			path = AppDetail;
			sourceTree = "<group>";
		};
/* End PBXGroup section */

/* Begin PBXNativeTarget section */
		619F25A72BC19C700067F534 /* AppStore-Search */ = {
			isa = PBXNativeTarget;
			buildConfigurationList = 619F25BC2BC19C710067F534 /* Build configuration list for PBXNativeTarget "AppStore-Search" */;
			buildPhases = (
				619F25A42BC19C700067F534 /* Sources */,
				619F25A52BC19C700067F534 /* Frameworks */,
				619F25A62BC19C700067F534 /* Resources */,
			);
			buildRules = (
			);
			dependencies = (
			);
			name = "AppStore-Search";
			packageProductDependencies = (
				619F25E22BC2D61C0067F534 /* SnapKit */,
				619F25E52BC2D6250067F534 /* Kingfisher */,
				619F25E82BC2D63C0067F534 /* RxCocoa */,
				619F25EA2BC2D63C0067F534 /* RxSwift */,
			);
			productName = "AppStore-Search";
			productReference = 619F25A82BC19C700067F534 /* AppStore-Search.app */;
			productType = "com.apple.product-type.application";
		};
/* End PBXNativeTarget section */

/* Begin PBXProject section */
		619F25A02BC19C700067F534 /* Project object */ = {
			isa = PBXProject;
			attributes = {
				BuildIndependentTargetsInParallel = 1;
				LastSwiftUpdateCheck = 1530;
				LastUpgradeCheck = 1530;
				TargetAttributes = {
					619F25A72BC19C700067F534 = {
						CreatedOnToolsVersion = 15.3;
					};
				};
			};
			buildConfigurationList = 619F25A32BC19C700067F534 /* Build configuration list for PBXProject "AppStore-Search" */;
			compatibilityVersion = "Xcode 14.0";
			developmentRegion = en;
			hasScannedForEncodings = 0;
			knownRegions = (
				en,
				Base,
			);
			mainGroup = 619F259F2BC19C700067F534;
			packageReferences = (
				619F25E12BC2D61C0067F534 /* XCRemoteSwiftPackageReference "SnapKit" */,
				619F25E42BC2D6250067F534 /* XCRemoteSwiftPackageReference "Kingfisher" */,
				619F25E72BC2D63C0067F534 /* XCRemoteSwiftPackageReference "RxSwift" */,
			);
			productRefGroup = 619F25A92BC19C700067F534 /* Products */;
			projectDirPath = "";
			projectRoot = "";
			targets = (
				619F25A72BC19C700067F534 /* AppStore-Search */,
			);
		};
/* End PBXProject section */

/* Begin PBXResourcesBuildPhase section */
		619F25A62BC19C700067F534 /* Resources */ = {
			isa = PBXResourcesBuildPhase;
			buildActionMask = 2147483647;
			files = (
				619F25B52BC19C710067F534 /* Assets.xcassets in Resources */,
				619F25B82BC19C710067F534 /* Base in Resources */,
			);
			runOnlyForDeploymentPostprocessing = 0;
		};
/* End PBXResourcesBuildPhase section */

/* Begin PBXSourcesBuildPhase section */
		619F25A42BC19C700067F534 /* Sources */ = {
			isa = PBXSourcesBuildPhase;
			buildActionMask = 2147483647;
			files = (
				619F25C32BC19DAA0067F534 /* SearchView.swift in Sources */,
				619F25D42BC2C6780067F534 /* ImageStyle.swift in Sources */,
				619F25C52BC19DB10067F534 /* SearchViewModel.swift in Sources */,
				619F25C12BC19D9F0067F534 /* SearchViewController.swift in Sources */,
				619F25DE2BC2CC970067F534 /* GameViewController.swift in Sources */,
				619F25C82BC19DEE0067F534 /* BaseView.swift in Sources */,
				619F25AC2BC19C700067F534 /* AppDelegate.swift in Sources */,
				619F25F32BC2F4F40067F534 /* AppSearchModel.swift in Sources */,
				619F25DC2BC2CC850067F534 /* AppViewController.swift in Sources */,
				619F25E02BC2CCAD0067F534 /* TodayViewController.swift in Sources */,
				619F25CA2BC19E230067F534 /* BaseViewController.swift in Sources */,
				619F25F02BC2D77E0067F534 /* ViewProtocol.swift in Sources */,
				619F25AE2BC19C700067F534 /* SceneDelegate.swift in Sources */,
				619F25EE2BC2D75F0067F534 /* AppTableViewCell.swift in Sources */,
				619F25CE2BC2C3EE0067F534 /* TabBarController.swift in Sources */,
				619F25DA2BC2CC6A0067F534 /* ArcadeViewController.swift in Sources */,
				619F25F52BC2F6FA0067F534 /* AppStoreAPIManager.swift in Sources */,
				619F25FA2BC3026A0067F534 /* AppDetailView.swift in Sources */,
				619F25D22BC2C5FA0067F534 /* TabItem.swift in Sources */,
				619F25F72BC3025A0067F534 /* AppDetailViewController.swift in Sources */,
			);
			runOnlyForDeploymentPostprocessing = 0;
		};
/* End PBXSourcesBuildPhase section */

/* Begin PBXVariantGroup section */
		619F25B62BC19C710067F534 /* LaunchScreen.storyboard */ = {
			isa = PBXVariantGroup;
			children = (
				619F25B72BC19C710067F534 /* Base */,
			);
			name = LaunchScreen.storyboard;
			sourceTree = "<group>";
		};
/* End PBXVariantGroup section */

/* Begin XCBuildConfiguration section */
		619F25BA2BC19C710067F534 /* Debug */ = {
			isa = XCBuildConfiguration;
			buildSettings = {
				ALWAYS_SEARCH_USER_PATHS = NO;
				ASSETCATALOG_COMPILER_GENERATE_SWIFT_ASSET_SYMBOL_EXTENSIONS = YES;
				CLANG_ANALYZER_NONNULL = YES;
				CLANG_ANALYZER_NUMBER_OBJECT_CONVERSION = YES_AGGRESSIVE;
				CLANG_CXX_LANGUAGE_STANDARD = "gnu++20";
				CLANG_ENABLE_MODULES = YES;
				CLANG_ENABLE_OBJC_ARC = YES;
				CLANG_ENABLE_OBJC_WEAK = YES;
				CLANG_WARN_BLOCK_CAPTURE_AUTORELEASING = YES;
				CLANG_WARN_BOOL_CONVERSION = YES;
				CLANG_WARN_COMMA = YES;
				CLANG_WARN_CONSTANT_CONVERSION = YES;
				CLANG_WARN_DEPRECATED_OBJC_IMPLEMENTATIONS = YES;
				CLANG_WARN_DIRECT_OBJC_ISA_USAGE = YES_ERROR;
				CLANG_WARN_DOCUMENTATION_COMMENTS = YES;
				CLANG_WARN_EMPTY_BODY = YES;
				CLANG_WARN_ENUM_CONVERSION = YES;
				CLANG_WARN_INFINITE_RECURSION = YES;
				CLANG_WARN_INT_CONVERSION = YES;
				CLANG_WARN_NON_LITERAL_NULL_CONVERSION = YES;
				CLANG_WARN_OBJC_IMPLICIT_RETAIN_SELF = YES;
				CLANG_WARN_OBJC_LITERAL_CONVERSION = YES;
				CLANG_WARN_OBJC_ROOT_CLASS = YES_ERROR;
				CLANG_WARN_QUOTED_INCLUDE_IN_FRAMEWORK_HEADER = YES;
				CLANG_WARN_RANGE_LOOP_ANALYSIS = YES;
				CLANG_WARN_STRICT_PROTOTYPES = YES;
				CLANG_WARN_SUSPICIOUS_MOVE = YES;
				CLANG_WARN_UNGUARDED_AVAILABILITY = YES_AGGRESSIVE;
				CLANG_WARN_UNREACHABLE_CODE = YES;
				CLANG_WARN__DUPLICATE_METHOD_MATCH = YES;
				COPY_PHASE_STRIP = NO;
				DEBUG_INFORMATION_FORMAT = dwarf;
				ENABLE_STRICT_OBJC_MSGSEND = YES;
				ENABLE_TESTABILITY = YES;
				ENABLE_USER_SCRIPT_SANDBOXING = YES;
				GCC_C_LANGUAGE_STANDARD = gnu17;
				GCC_DYNAMIC_NO_PIC = NO;
				GCC_NO_COMMON_BLOCKS = YES;
				GCC_OPTIMIZATION_LEVEL = 0;
				GCC_PREPROCESSOR_DEFINITIONS = (
					"DEBUG=1",
					"$(inherited)",
				);
				GCC_WARN_64_TO_32_BIT_CONVERSION = YES;
				GCC_WARN_ABOUT_RETURN_TYPE = YES_ERROR;
				GCC_WARN_UNDECLARED_SELECTOR = YES;
				GCC_WARN_UNINITIALIZED_AUTOS = YES_AGGRESSIVE;
				GCC_WARN_UNUSED_FUNCTION = YES;
				GCC_WARN_UNUSED_VARIABLE = YES;
				IPHONEOS_DEPLOYMENT_TARGET = 17.4;
				LOCALIZATION_PREFERS_STRING_CATALOGS = YES;
				MTL_ENABLE_DEBUG_INFO = INCLUDE_SOURCE;
				MTL_FAST_MATH = YES;
				ONLY_ACTIVE_ARCH = YES;
				SDKROOT = iphoneos;
				SWIFT_ACTIVE_COMPILATION_CONDITIONS = "DEBUG $(inherited)";
				SWIFT_OPTIMIZATION_LEVEL = "-Onone";
			};
			name = Debug;
		};
		619F25BB2BC19C710067F534 /* Release */ = {
			isa = XCBuildConfiguration;
			buildSettings = {
				ALWAYS_SEARCH_USER_PATHS = NO;
				ASSETCATALOG_COMPILER_GENERATE_SWIFT_ASSET_SYMBOL_EXTENSIONS = YES;
				CLANG_ANALYZER_NONNULL = YES;
				CLANG_ANALYZER_NUMBER_OBJECT_CONVERSION = YES_AGGRESSIVE;
				CLANG_CXX_LANGUAGE_STANDARD = "gnu++20";
				CLANG_ENABLE_MODULES = YES;
				CLANG_ENABLE_OBJC_ARC = YES;
				CLANG_ENABLE_OBJC_WEAK = YES;
				CLANG_WARN_BLOCK_CAPTURE_AUTORELEASING = YES;
				CLANG_WARN_BOOL_CONVERSION = YES;
				CLANG_WARN_COMMA = YES;
				CLANG_WARN_CONSTANT_CONVERSION = YES;
				CLANG_WARN_DEPRECATED_OBJC_IMPLEMENTATIONS = YES;
				CLANG_WARN_DIRECT_OBJC_ISA_USAGE = YES_ERROR;
				CLANG_WARN_DOCUMENTATION_COMMENTS = YES;
				CLANG_WARN_EMPTY_BODY = YES;
				CLANG_WARN_ENUM_CONVERSION = YES;
				CLANG_WARN_INFINITE_RECURSION = YES;
				CLANG_WARN_INT_CONVERSION = YES;
				CLANG_WARN_NON_LITERAL_NULL_CONVERSION = YES;
				CLANG_WARN_OBJC_IMPLICIT_RETAIN_SELF = YES;
				CLANG_WARN_OBJC_LITERAL_CONVERSION = YES;
				CLANG_WARN_OBJC_ROOT_CLASS = YES_ERROR;
				CLANG_WARN_QUOTED_INCLUDE_IN_FRAMEWORK_HEADER = YES;
				CLANG_WARN_RANGE_LOOP_ANALYSIS = YES;
				CLANG_WARN_STRICT_PROTOTYPES = YES;
				CLANG_WARN_SUSPICIOUS_MOVE = YES;
				CLANG_WARN_UNGUARDED_AVAILABILITY = YES_AGGRESSIVE;
				CLANG_WARN_UNREACHABLE_CODE = YES;
				CLANG_WARN__DUPLICATE_METHOD_MATCH = YES;
				COPY_PHASE_STRIP = NO;
				DEBUG_INFORMATION_FORMAT = "dwarf-with-dsym";
				ENABLE_NS_ASSERTIONS = NO;
				ENABLE_STRICT_OBJC_MSGSEND = YES;
				ENABLE_USER_SCRIPT_SANDBOXING = YES;
				GCC_C_LANGUAGE_STANDARD = gnu17;
				GCC_NO_COMMON_BLOCKS = YES;
				GCC_WARN_64_TO_32_BIT_CONVERSION = YES;
				GCC_WARN_ABOUT_RETURN_TYPE = YES_ERROR;
				GCC_WARN_UNDECLARED_SELECTOR = YES;
				GCC_WARN_UNINITIALIZED_AUTOS = YES_AGGRESSIVE;
				GCC_WARN_UNUSED_FUNCTION = YES;
				GCC_WARN_UNUSED_VARIABLE = YES;
				IPHONEOS_DEPLOYMENT_TARGET = 17.4;
				LOCALIZATION_PREFERS_STRING_CATALOGS = YES;
				MTL_ENABLE_DEBUG_INFO = NO;
				MTL_FAST_MATH = YES;
				SDKROOT = iphoneos;
				SWIFT_COMPILATION_MODE = wholemodule;
				VALIDATE_PRODUCT = YES;
			};
			name = Release;
		};
		619F25BD2BC19C710067F534 /* Debug */ = {
			isa = XCBuildConfiguration;
			buildSettings = {
				ASSETCATALOG_COMPILER_APPICON_NAME = AppIcon;
				ASSETCATALOG_COMPILER_GLOBAL_ACCENT_COLOR_NAME = AccentColor;
				CODE_SIGN_STYLE = Automatic;
				CURRENT_PROJECT_VERSION = 1;
				DEVELOPMENT_TEAM = T2Q8P9627P;
				GENERATE_INFOPLIST_FILE = YES;
				INFOPLIST_FILE = "AppStore-Search/Info.plist";
				INFOPLIST_KEY_UIApplicationSupportsIndirectInputEvents = YES;
				INFOPLIST_KEY_UILaunchStoryboardName = LaunchScreen;
				INFOPLIST_KEY_UIMainStoryboardFile = "";
				INFOPLIST_KEY_UISupportedInterfaceOrientations = UIInterfaceOrientationPortrait;
				INFOPLIST_KEY_UISupportedInterfaceOrientations_iPad = "UIInterfaceOrientationLandscapeLeft UIInterfaceOrientationLandscapeRight UIInterfaceOrientationPortrait UIInterfaceOrientationPortraitUpsideDown";
				IPHONEOS_DEPLOYMENT_TARGET = 16.0;
				LD_RUNPATH_SEARCH_PATHS = (
					"$(inherited)",
					"@executable_path/Frameworks",
				);
				MARKETING_VERSION = 1.0;
				PRODUCT_BUNDLE_IDENTIFIER = "com.yuz.AppStore-Search";
				PRODUCT_NAME = "$(TARGET_NAME)";
				SUPPORTED_PLATFORMS = "iphoneos iphonesimulator";
				SUPPORTS_MACCATALYST = NO;
				SUPPORTS_MAC_DESIGNED_FOR_IPHONE_IPAD = NO;
				SUPPORTS_XR_DESIGNED_FOR_IPHONE_IPAD = NO;
				SWIFT_EMIT_LOC_STRINGS = YES;
				SWIFT_VERSION = 5.0;
				TARGETED_DEVICE_FAMILY = 1;
			};
			name = Debug;
		};
		619F25BE2BC19C710067F534 /* Release */ = {
			isa = XCBuildConfiguration;
			buildSettings = {
				ASSETCATALOG_COMPILER_APPICON_NAME = AppIcon;
				ASSETCATALOG_COMPILER_GLOBAL_ACCENT_COLOR_NAME = AccentColor;
				CODE_SIGN_STYLE = Automatic;
				CURRENT_PROJECT_VERSION = 1;
				DEVELOPMENT_TEAM = T2Q8P9627P;
				GENERATE_INFOPLIST_FILE = YES;
				INFOPLIST_FILE = "AppStore-Search/Info.plist";
				INFOPLIST_KEY_UIApplicationSupportsIndirectInputEvents = YES;
				INFOPLIST_KEY_UILaunchStoryboardName = LaunchScreen;
				INFOPLIST_KEY_UIMainStoryboardFile = "";
				INFOPLIST_KEY_UISupportedInterfaceOrientations = UIInterfaceOrientationPortrait;
				INFOPLIST_KEY_UISupportedInterfaceOrientations_iPad = "UIInterfaceOrientationLandscapeLeft UIInterfaceOrientationLandscapeRight UIInterfaceOrientationPortrait UIInterfaceOrientationPortraitUpsideDown";
				IPHONEOS_DEPLOYMENT_TARGET = 16.0;
				LD_RUNPATH_SEARCH_PATHS = (
					"$(inherited)",
					"@executable_path/Frameworks",
				);
				MARKETING_VERSION = 1.0;
				PRODUCT_BUNDLE_IDENTIFIER = "com.yuz.AppStore-Search";
				PRODUCT_NAME = "$(TARGET_NAME)";
				SUPPORTED_PLATFORMS = "iphoneos iphonesimulator";
				SUPPORTS_MACCATALYST = NO;
				SUPPORTS_MAC_DESIGNED_FOR_IPHONE_IPAD = NO;
				SUPPORTS_XR_DESIGNED_FOR_IPHONE_IPAD = NO;
				SWIFT_EMIT_LOC_STRINGS = YES;
				SWIFT_VERSION = 5.0;
				TARGETED_DEVICE_FAMILY = 1;
			};
			name = Release;
		};
/* End XCBuildConfiguration section */

/* Begin XCConfigurationList section */
		619F25A32BC19C700067F534 /* Build configuration list for PBXProject "AppStore-Search" */ = {
			isa = XCConfigurationList;
			buildConfigurations = (
				619F25BA2BC19C710067F534 /* Debug */,
				619F25BB2BC19C710067F534 /* Release */,
			);
			defaultConfigurationIsVisible = 0;
			defaultConfigurationName = Release;
		};
		619F25BC2BC19C710067F534 /* Build configuration list for PBXNativeTarget "AppStore-Search" */ = {
			isa = XCConfigurationList;
			buildConfigurations = (
				619F25BD2BC19C710067F534 /* Debug */,
				619F25BE2BC19C710067F534 /* Release */,
			);
			defaultConfigurationIsVisible = 0;
			defaultConfigurationName = Release;
		};
/* End XCConfigurationList section */

/* Begin XCRemoteSwiftPackageReference section */
		619F25E12BC2D61C0067F534 /* XCRemoteSwiftPackageReference "SnapKit" */ = {
			isa = XCRemoteSwiftPackageReference;
			repositoryURL = "https://github.com/SnapKit/SnapKit";
			requirement = {
				kind = upToNextMajorVersion;
				minimumVersion = 5.7.1;
			};
		};
		619F25E42BC2D6250067F534 /* XCRemoteSwiftPackageReference "Kingfisher" */ = {
			isa = XCRemoteSwiftPackageReference;
			repositoryURL = "https://github.com/onevcat/Kingfisher";
			requirement = {
				kind = upToNextMajorVersion;
				minimumVersion = 7.11.0;
			};
		};
		619F25E72BC2D63C0067F534 /* XCRemoteSwiftPackageReference "RxSwift" */ = {
			isa = XCRemoteSwiftPackageReference;
			repositoryURL = "https://github.com/ReactiveX/RxSwift";
			requirement = {
				kind = upToNextMajorVersion;
				minimumVersion = 6.6.0;
			};
		};
/* End XCRemoteSwiftPackageReference section */

/* Begin XCSwiftPackageProductDependency section */
		619F25E22BC2D61C0067F534 /* SnapKit */ = {
			isa = XCSwiftPackageProductDependency;
			package = 619F25E12BC2D61C0067F534 /* XCRemoteSwiftPackageReference "SnapKit" */;
			productName = SnapKit;
		};
		619F25E52BC2D6250067F534 /* Kingfisher */ = {
			isa = XCSwiftPackageProductDependency;
			package = 619F25E42BC2D6250067F534 /* XCRemoteSwiftPackageReference "Kingfisher" */;
			productName = Kingfisher;
		};
		619F25E82BC2D63C0067F534 /* RxCocoa */ = {
			isa = XCSwiftPackageProductDependency;
			package = 619F25E72BC2D63C0067F534 /* XCRemoteSwiftPackageReference "RxSwift" */;
			productName = RxCocoa;
		};
		619F25EA2BC2D63C0067F534 /* RxSwift */ = {
			isa = XCSwiftPackageProductDependency;
			package = 619F25E72BC2D63C0067F534 /* XCRemoteSwiftPackageReference "RxSwift" */;
			productName = RxSwift;
		};
/* End XCSwiftPackageProductDependency section */
	};
	rootObject = 619F25A02BC19C700067F534 /* Project object */;
}
